
Microsoft Visual Studio Solution File, Format Version 12.00
# Visual Studio Version 16
VisualStudioVersion = 16.0.31129.286
MinimumVisualStudioVersion = 10.0.40219.1
Project("{FAE04EC0-301F-11D3-BF4B-00C04F79EFBC}") = "CacheQ", "CacheQ\CacheQ.csproj", "{F56552B4-3337-4220-971A-9C1F474C65C8}"
EndProject
Global
	GlobalSection(SolutionConfigurationPlatforms) = preSolution
		Debug|Any CPU = Debug|Any CPU
		Release|Any CPU = Release|Any CPU
	EndGlobalSection
	GlobalSection(ProjectConfigurationPlatforms) = postSolution
		{F56552B4-3337-4220-971A-9C1F474C65C8}.Debug|Any CPU.ActiveCfg = Debug|Any CPU
		{F56552B4-3337-4220-971A-9C1F474C65C8}.Debug|Any CPU.Build.0 = Debug|Any CPU
		{F56552B4-3337-4220-971A-9C1F474C65C8}.Release|Any CPU.ActiveCfg = Release|Any CPU
		{F56552B4-3337-4220-971A-9C1F474C65C8}.Release|Any CPU.Build.0 = Release|Any CPU
	EndGlobalSection
	GlobalSection(SolutionProperties) = preSolution
		HideSolutionNode = FALSE
	EndGlobalSection
	GlobalSection(ExtensibilityGlobals) = postSolution
		SolutionGuid = {0D7C63D5-C8F7-498E-B5BF-278DD25111AE}
	EndGlobalSection
EndGlobal
